// !$*UTF8*$!
{
	archiveVersion = 1;
	classes = {
	};
	objectVersion = 56;
	objects = {

/* Begin PBXBuildFile section */
		59683BA32A3B98D30029771B /* AppDelegate.swift in Sources */ = {isa = PBXBuildFile; fileRef = 59683BA22A3B98D30029771B /* AppDelegate.swift */; };
		59683BA72A3B98D30029771B /* ListViewController.swift in Sources */ = {isa = PBXBuildFile; fileRef = 59683BA62A3B98D30029771B /* ListViewController.swift */; };
		59683BAC2A3B98D60029771B /* Assets.xcassets in Resources */ = {isa = PBXBuildFile; fileRef = 59683BAB2A3B98D60029771B /* Assets.xcassets */; };
		59683BAF2A3B98D60029771B /* LaunchScreen.storyboard in Resources */ = {isa = PBXBuildFile; fileRef = 59683BAD2A3B98D60029771B /* LaunchScreen.storyboard */; };
		59683BB82A3D253A0029771B /* Show.swift in Sources */ = {isa = PBXBuildFile; fileRef = 59683BB72A3D253A0029771B /* Show.swift */; };
		59BE103E2A3D3637003FDB26 /* ShowTableViewCell.swift in Sources */ = {isa = PBXBuildFile; fileRef = 59BE103D2A3D3637003FDB26 /* ShowTableViewCell.swift */; };
		59BE10422A3D54DD003FDB26 /* FavoritesViewController.swift in Sources */ = {isa = PBXBuildFile; fileRef = 59BE10412A3D54DD003FDB26 /* FavoritesViewController.swift */; };
		59BE10442A3D5705003FDB26 /* MenuViewController.swift in Sources */ = {isa = PBXBuildFile; fileRef = 59BE10432A3D5705003FDB26 /* MenuViewController.swift */; };
		59BE10462A3D998B003FDB26 /* DetailViewController.swift in Sources */ = {isa = PBXBuildFile; fileRef = 59BE10452A3D998B003FDB26 /* DetailViewController.swift */; };
		59BE10492A3D9BEA003FDB26 /* UINavigationController+CustomBarColors.swift in Sources */ = {isa = PBXBuildFile; fileRef = 59BE10482A3D9BEA003FDB26 /* UINavigationController+CustomBarColors.swift */; };
		59BE10572A3E9BCD003FDB26 /* DatabaseManager.swift in Sources */ = {isa = PBXBuildFile; fileRef = 59BE10562A3E9BCD003FDB26 /* DatabaseManager.swift */; };
		59BE105A2A3E9C2D003FDB26 /* Database.xcdatamodeld in Sources */ = {isa = PBXBuildFile; fileRef = 59BE10582A3E9C2D003FDB26 /* Database.xcdatamodeld */; };
		59BE10842A3ECC33003FDB26 /* NetworkManager.swift in Sources */ = {isa = PBXBuildFile; fileRef = 59BE10832A3ECC33003FDB26 /* NetworkManager.swift */; };
		59BE10872A3ECE37003FDB26 /* UIAlertController+CustomAlerts.swift in Sources */ = {isa = PBXBuildFile; fileRef = 59BE10862A3ECE37003FDB26 /* UIAlertController+CustomAlerts.swift */; };
		59BE108C2A3ED796003FDB26 /* UIViewController+showErrorAlert.swift in Sources */ = {isa = PBXBuildFile; fileRef = 59BE108B2A3ED796003FDB26 /* UIViewController+showErrorAlert.swift */; };
/* End PBXBuildFile section */

/* Begin PBXFileReference section */
		59683B9F2A3B98D30029771B /* bazTest.app */ = {isa = PBXFileReference; explicitFileType = wrapper.application; includeInIndex = 0; path = bazTest.app; sourceTree = BUILT_PRODUCTS_DIR; };
		59683BA22A3B98D30029771B /* AppDelegate.swift */ = {isa = PBXFileReference; lastKnownFileType = sourcecode.swift; path = AppDelegate.swift; sourceTree = "<group>"; };
		59683BA62A3B98D30029771B /* ListViewController.swift */ = {isa = PBXFileReference; lastKnownFileType = sourcecode.swift; path = ListViewController.swift; sourceTree = "<group>"; };
		59683BAB2A3B98D60029771B /* Assets.xcassets */ = {isa = PBXFileReference; lastKnownFileType = folder.assetcatalog; path = Assets.xcassets; sourceTree = "<group>"; };
		59683BAE2A3B98D60029771B /* Base */ = {isa = PBXFileReference; lastKnownFileType = file.storyboard; name = Base; path = Base.lproj/LaunchScreen.storyboard; sourceTree = "<group>"; };
		59683BB02A3B98D60029771B /* Info.plist */ = {isa = PBXFileReference; lastKnownFileType = text.plist.xml; path = Info.plist; sourceTree = "<group>"; };
		59683BB72A3D253A0029771B /* Show.swift */ = {isa = PBXFileReference; lastKnownFileType = sourcecode.swift; path = Show.swift; sourceTree = "<group>"; };
		59BE103D2A3D3637003FDB26 /* ShowTableViewCell.swift */ = {isa = PBXFileReference; lastKnownFileType = sourcecode.swift; path = ShowTableViewCell.swift; sourceTree = "<group>"; };
		59BE10412A3D54DD003FDB26 /* FavoritesViewController.swift */ = {isa = PBXFileReference; lastKnownFileType = sourcecode.swift; path = FavoritesViewController.swift; sourceTree = "<group>"; };
		59BE10432A3D5705003FDB26 /* MenuViewController.swift */ = {isa = PBXFileReference; lastKnownFileType = sourcecode.swift; path = MenuViewController.swift; sourceTree = "<group>"; };
		59BE10452A3D998B003FDB26 /* DetailViewController.swift */ = {isa = PBXFileReference; lastKnownFileType = sourcecode.swift; path = DetailViewController.swift; sourceTree = "<group>"; };
		59BE10482A3D9BEA003FDB26 /* UINavigationController+CustomBarColors.swift */ = {isa = PBXFileReference; lastKnownFileType = sourcecode.swift; path = "UINavigationController+CustomBarColors.swift"; sourceTree = "<group>"; };
		59BE10562A3E9BCD003FDB26 /* DatabaseManager.swift */ = {isa = PBXFileReference; fileEncoding = 4; lastKnownFileType = sourcecode.swift; path = DatabaseManager.swift; sourceTree = "<group>"; };
		59BE10592A3E9C2D003FDB26 /* Database.xcdatamodel */ = {isa = PBXFileReference; lastKnownFileType = wrapper.xcdatamodel; path = Database.xcdatamodel; sourceTree = "<group>"; };
		59BE10832A3ECC33003FDB26 /* NetworkManager.swift */ = {isa = PBXFileReference; lastKnownFileType = sourcecode.swift; path = NetworkManager.swift; sourceTree = "<group>"; };
		59BE10862A3ECE37003FDB26 /* UIAlertController+CustomAlerts.swift */ = {isa = PBXFileReference; lastKnownFileType = sourcecode.swift; path = "UIAlertController+CustomAlerts.swift"; sourceTree = "<group>"; };
		59BE108B2A3ED796003FDB26 /* UIViewController+showErrorAlert.swift */ = {isa = PBXFileReference; lastKnownFileType = sourcecode.swift; path = "UIViewController+showErrorAlert.swift"; sourceTree = "<group>"; };
/* End PBXFileReference section */

/* Begin PBXFrameworksBuildPhase section */
		59683B9C2A3B98D30029771B /* Frameworks */ = {
			isa = PBXFrameworksBuildPhase;
			buildActionMask = 2147483647;
			files = (
			);
			runOnlyForDeploymentPostprocessing = 0;
		};
/* End PBXFrameworksBuildPhase section */

/* Begin PBXGroup section */
		59683B962A3B98D30029771B = {
			isa = PBXGroup;
			children = (
				59683BA12A3B98D30029771B /* bazTest */,
				59683BA02A3B98D30029771B /* Products */,
			);
			sourceTree = "<group>";
		};
		59683BA02A3B98D30029771B /* Products */ = {
			isa = PBXGroup;
			children = (
				59683B9F2A3B98D30029771B /* bazTest.app */,
			);
			name = Products;
			sourceTree = "<group>";
		};
		59683BA12A3B98D30029771B /* bazTest */ = {
			isa = PBXGroup;
			children = (
				59683BA22A3B98D30029771B /* AppDelegate.swift */,
				59BE10432A3D5705003FDB26 /* MenuViewController.swift */,
				59683BA62A3B98D30029771B /* ListViewController.swift */,
				59BE10412A3D54DD003FDB26 /* FavoritesViewController.swift */,
				59BE10452A3D998B003FDB26 /* DetailViewController.swift */,
				59BE108A2A3ED609003FDB26 /* Views */,
				59BE104C2A3E9A0D003FDB26 /* db */,
				59BE10852A3ECD2C003FDB26 /* Network */,
				59BE10472A3D9B86003FDB26 /* Extensions */,
				59683BB62A3D1AA10029771B /* Resources */,
				59683BB02A3B98D60029771B /* Info.plist */,
			);
			path = bazTest;
			sourceTree = "<group>";
		};
		59683BB62A3D1AA10029771B /* Resources */ = {
			isa = PBXGroup;
			children = (
				59683BAB2A3B98D60029771B /* Assets.xcassets */,
				59683BAD2A3B98D60029771B /* LaunchScreen.storyboard */,
			);
			path = Resources;
			sourceTree = "<group>";
		};
		59BE10472A3D9B86003FDB26 /* Extensions */ = {
			isa = PBXGroup;
			children = (
				59BE10482A3D9BEA003FDB26 /* UINavigationController+CustomBarColors.swift */,
				59BE10862A3ECE37003FDB26 /* UIAlertController+CustomAlerts.swift */,
				59BE108B2A3ED796003FDB26 /* UIViewController+showErrorAlert.swift */,
			);
			path = Extensions;
			sourceTree = "<group>";
		};
		59BE104C2A3E9A0D003FDB26 /* db */ = {
			isa = PBXGroup;
			children = (
				59BE10562A3E9BCD003FDB26 /* DatabaseManager.swift */,
				59BE10582A3E9C2D003FDB26 /* Database.xcdatamodeld */,
			);
			path = db;
			sourceTree = "<group>";
		};
		59BE10852A3ECD2C003FDB26 /* Network */ = {
			isa = PBXGroup;
			children = (
				59683BB72A3D253A0029771B /* Show.swift */,
				59BE10832A3ECC33003FDB26 /* NetworkManager.swift */,
			);
			path = Network;
			sourceTree = "<group>";
		};
		59BE108A2A3ED609003FDB26 /* Views */ = {
			isa = PBXGroup;
			children = (
				59BE103D2A3D3637003FDB26 /* ShowTableViewCell.swift */,
			);
			path = Views;
			sourceTree = "<group>";
		};
/* End PBXGroup section */

/* Begin PBXNativeTarget section */
		59683B9E2A3B98D30029771B /* bazTest */ = {
			isa = PBXNativeTarget;
			buildConfigurationList = 59683BB32A3B98D60029771B /* Build configuration list for PBXNativeTarget "bazTest" */;
			buildPhases = (
				59683B9B2A3B98D30029771B /* Sources */,
				59683B9C2A3B98D30029771B /* Frameworks */,
				59683B9D2A3B98D30029771B /* Resources */,
			);
			buildRules = (
			);
			dependencies = (
			);
			name = bazTest;
			productName = bazTest;
			productReference = 59683B9F2A3B98D30029771B /* bazTest.app */;
			productType = "com.apple.product-type.application";
		};
/* End PBXNativeTarget section */

/* Begin PBXProject section */
		59683B972A3B98D30029771B /* Project object */ = {
			isa = PBXProject;
			attributes = {
				BuildIndependentTargetsInParallel = 1;
				LastSwiftUpdateCheck = 1430;
				LastUpgradeCheck = 1430;
				TargetAttributes = {
					59683B9E2A3B98D30029771B = {
						CreatedOnToolsVersion = 14.3;
						LastSwiftMigration = "";
					};
				};
			};
			buildConfigurationList = 59683B9A2A3B98D30029771B /* Build configuration list for PBXProject "bazTest" */;
			compatibilityVersion = "Xcode 14.0";
			developmentRegion = en;
			hasScannedForEncodings = 0;
			knownRegions = (
				en,
				Base,
			);
			mainGroup = 59683B962A3B98D30029771B;
			productRefGroup = 59683BA02A3B98D30029771B /* Products */;
			projectDirPath = "";
			projectRoot = "";
			targets = (
				59683B9E2A3B98D30029771B /* bazTest */,
			);
		};
/* End PBXProject section */

/* Begin PBXResourcesBuildPhase section */
		59683B9D2A3B98D30029771B /* Resources */ = {
			isa = PBXResourcesBuildPhase;
			buildActionMask = 2147483647;
			files = (
				59683BAF2A3B98D60029771B /* LaunchScreen.storyboard in Resources */,
				59683BAC2A3B98D60029771B /* Assets.xcassets in Resources */,
			);
			runOnlyForDeploymentPostprocessing = 0;
		};
/* End PBXResourcesBuildPhase section */

/* Begin PBXSourcesBuildPhase section */
		59683B9B2A3B98D30029771B /* Sources */ = {
			isa = PBXSourcesBuildPhase;
			buildActionMask = 2147483647;
			files = (
				59BE10842A3ECC33003FDB26 /* NetworkManager.swift in Sources */,
				59683BB82A3D253A0029771B /* Show.swift in Sources */,
				59683BA72A3B98D30029771B /* ListViewController.swift in Sources */,
				59BE10572A3E9BCD003FDB26 /* DatabaseManager.swift in Sources */,
				59BE10442A3D5705003FDB26 /* MenuViewController.swift in Sources */,
				59BE105A2A3E9C2D003FDB26 /* Database.xcdatamodeld in Sources */,
				59BE10492A3D9BEA003FDB26 /* UINavigationController+CustomBarColors.swift in Sources */,
				59BE103E2A3D3637003FDB26 /* ShowTableViewCell.swift in Sources */,
				59BE10422A3D54DD003FDB26 /* FavoritesViewController.swift in Sources */,
				59BE108C2A3ED796003FDB26 /* UIViewController+showErrorAlert.swift in Sources */,
				59683BA32A3B98D30029771B /* AppDelegate.swift in Sources */,
				59BE10872A3ECE37003FDB26 /* UIAlertController+CustomAlerts.swift in Sources */,
				59BE10462A3D998B003FDB26 /* DetailViewController.swift in Sources */,
			);
			runOnlyForDeploymentPostprocessing = 0;
		};
/* End PBXSourcesBuildPhase section */

/* Begin PBXVariantGroup section */
		59683BAD2A3B98D60029771B /* LaunchScreen.storyboard */ = {
			isa = PBXVariantGroup;
			children = (
				59683BAE2A3B98D60029771B /* Base */,
			);
			name = LaunchScreen.storyboard;
			sourceTree = "<group>";
		};
/* End PBXVariantGroup section */

/* Begin XCBuildConfiguration section */
		59683BB12A3B98D60029771B /* Debug */ = {
			isa = XCBuildConfiguration;
			buildSettings = {
				ALWAYS_SEARCH_USER_PATHS = NO;
				CLANG_ANALYZER_NONNULL = YES;
				CLANG_ANALYZER_NUMBER_OBJECT_CONVERSION = YES_AGGRESSIVE;
				CLANG_CXX_LANGUAGE_STANDARD = "gnu++20";
				CLANG_ENABLE_MODULES = YES;
				CLANG_ENABLE_OBJC_ARC = YES;
				CLANG_ENABLE_OBJC_WEAK = YES;
				CLANG_WARN_BLOCK_CAPTURE_AUTORELEASING = YES;
				CLANG_WARN_BOOL_CONVERSION = YES;
				CLANG_WARN_COMMA = YES;
				CLANG_WARN_CONSTANT_CONVERSION = YES;
				CLANG_WARN_DEPRECATED_OBJC_IMPLEMENTATIONS = YES;
				CLANG_WARN_DIRECT_OBJC_ISA_USAGE = YES_ERROR;
				CLANG_WARN_DOCUMENTATION_COMMENTS = YES;
				CLANG_WARN_EMPTY_BODY = YES;
				CLANG_WARN_ENUM_CONVERSION = YES;
				CLANG_WARN_INFINITE_RECURSION = YES;
				CLANG_WARN_INT_CONVERSION = YES;
				CLANG_WARN_NON_LITERAL_NULL_CONVERSION = YES;
				CLANG_WARN_OBJC_IMPLICIT_RETAIN_SELF = YES;
				CLANG_WARN_OBJC_LITERAL_CONVERSION = YES;
				CLANG_WARN_OBJC_ROOT_CLASS = YES_ERROR;
				CLANG_WARN_QUOTED_INCLUDE_IN_FRAMEWORK_HEADER = YES;
				CLANG_WARN_RANGE_LOOP_ANALYSIS = YES;
				CLANG_WARN_STRICT_PROTOTYPES = YES;
				CLANG_WARN_SUSPICIOUS_MOVE = YES;
				CLANG_WARN_UNGUARDED_AVAILABILITY = YES_AGGRESSIVE;
				CLANG_WARN_UNREACHABLE_CODE = YES;
				CLANG_WARN__DUPLICATE_METHOD_MATCH = YES;
				COPY_PHASE_STRIP = NO;
				DEBUG_INFORMATION_FORMAT = dwarf;
				ENABLE_STRICT_OBJC_MSGSEND = YES;
				ENABLE_TESTABILITY = YES;
				GCC_C_LANGUAGE_STANDARD = gnu11;
				GCC_DYNAMIC_NO_PIC = NO;
				GCC_NO_COMMON_BLOCKS = YES;
				GCC_OPTIMIZATION_LEVEL = 0;
				GCC_PREPROCESSOR_DEFINITIONS = (
					"DEBUG=1",
					"$(inherited)",
				);
				GCC_WARN_64_TO_32_BIT_CONVERSION = YES;
				GCC_WARN_ABOUT_RETURN_TYPE = YES_ERROR;
				GCC_WARN_UNDECLARED_SELECTOR = YES;
				GCC_WARN_UNINITIALIZED_AUTOS = YES_AGGRESSIVE;
				GCC_WARN_UNUSED_FUNCTION = YES;
				GCC_WARN_UNUSED_VARIABLE = YES;
				IPHONEOS_DEPLOYMENT_TARGET = 11.4;
				MTL_ENABLE_DEBUG_INFO = INCLUDE_SOURCE;
				MTL_FAST_MATH = YES;
				ONLY_ACTIVE_ARCH = YES;
				SDKROOT = iphoneos;
				SWIFT_ACTIVE_COMPILATION_CONDITIONS = DEBUG;
				SWIFT_OPTIMIZATION_LEVEL = "-Onone";
			};
			name = Debug;
		};
		59683BB22A3B98D60029771B /* Release */ = {
			isa = XCBuildConfiguration;
			buildSettings = {
				ALWAYS_SEARCH_USER_PATHS = NO;
				CLANG_ANALYZER_NONNULL = YES;
				CLANG_ANALYZER_NUMBER_OBJECT_CONVERSION = YES_AGGRESSIVE;
				CLANG_CXX_LANGUAGE_STANDARD = "gnu++20";
				CLANG_ENABLE_MODULES = YES;
				CLANG_ENABLE_OBJC_ARC = YES;
				CLANG_ENABLE_OBJC_WEAK = YES;
				CLANG_WARN_BLOCK_CAPTURE_AUTORELEASING = YES;
				CLANG_WARN_BOOL_CONVERSION = YES;
				CLANG_WARN_COMMA = YES;
				CLANG_WARN_CONSTANT_CONVERSION = YES;
				CLANG_WARN_DEPRECATED_OBJC_IMPLEMENTATIONS = YES;
				CLANG_WARN_DIRECT_OBJC_ISA_USAGE = YES_ERROR;
				CLANG_WARN_DOCUMENTATION_COMMENTS = YES;
				CLANG_WARN_EMPTY_BODY = YES;
				CLANG_WARN_ENUM_CONVERSION = YES;
				CLANG_WARN_INFINITE_RECURSION = YES;
				CLANG_WARN_INT_CONVERSION = YES;
				CLANG_WARN_NON_LITERAL_NULL_CONVERSION = YES;
				CLANG_WARN_OBJC_IMPLICIT_RETAIN_SELF = YES;
				CLANG_WARN_OBJC_LITERAL_CONVERSION = YES;
				CLANG_WARN_OBJC_ROOT_CLASS = YES_ERROR;
				CLANG_WARN_QUOTED_INCLUDE_IN_FRAMEWORK_HEADER = YES;
				CLANG_WARN_RANGE_LOOP_ANALYSIS = YES;
				CLANG_WARN_STRICT_PROTOTYPES = YES;
				CLANG_WARN_SUSPICIOUS_MOVE = YES;
				CLANG_WARN_UNGUARDED_AVAILABILITY = YES_AGGRESSIVE;
				CLANG_WARN_UNREACHABLE_CODE = YES;
				CLANG_WARN__DUPLICATE_METHOD_MATCH = YES;
				COPY_PHASE_STRIP = NO;
				DEBUG_INFORMATION_FORMAT = "dwarf-with-dsym";
				ENABLE_NS_ASSERTIONS = NO;
				ENABLE_STRICT_OBJC_MSGSEND = YES;
				GCC_C_LANGUAGE_STANDARD = gnu11;
				GCC_NO_COMMON_BLOCKS = YES;
				GCC_WARN_64_TO_32_BIT_CONVERSION = YES;
				GCC_WARN_ABOUT_RETURN_TYPE = YES_ERROR;
				GCC_WARN_UNDECLARED_SELECTOR = YES;
				GCC_WARN_UNINITIALIZED_AUTOS = YES_AGGRESSIVE;
				GCC_WARN_UNUSED_FUNCTION = YES;
				GCC_WARN_UNUSED_VARIABLE = YES;
				IPHONEOS_DEPLOYMENT_TARGET = 11.4;
				MTL_ENABLE_DEBUG_INFO = NO;
				MTL_FAST_MATH = YES;
				SDKROOT = iphoneos;
				SWIFT_COMPILATION_MODE = wholemodule;
				SWIFT_OPTIMIZATION_LEVEL = "-O";
				VALIDATE_PRODUCT = YES;
			};
			name = Release;
		};
		59683BB42A3B98D60029771B /* Debug */ = {
			isa = XCBuildConfiguration;
			buildSettings = {
				ASSETCATALOG_COMPILER_APPICON_NAME = AppIcon;
				ASSETCATALOG_COMPILER_GLOBAL_ACCENT_COLOR_NAME = AccentColor;
				CODE_SIGN_STYLE = Automatic;
				CURRENT_PROJECT_VERSION = 1;
				DEVELOPMENT_TEAM = XF3NTJ7MA3;
				GENERATE_INFOPLIST_FILE = YES;
				INFOPLIST_FILE = bazTest/Info.plist;
				INFOPLIST_KEY_UIApplicationSupportsIndirectInputEvents = YES;
				INFOPLIST_KEY_UILaunchStoryboardName = LaunchScreen;
				INFOPLIST_KEY_UISupportedInterfaceOrientations = UIInterfaceOrientationPortrait;
				INFOPLIST_KEY_UISupportedInterfaceOrientations_iPad = "UIInterfaceOrientationLandscapeLeft UIInterfaceOrientationLandscapeRight UIInterfaceOrientationPortrait UIInterfaceOrientationPortraitUpsideDown";
				IPHONEOS_DEPLOYMENT_TARGET = 11.4;
				LD_RUNPATH_SEARCH_PATHS = (
					"$(inherited)",
					"@executable_path/Frameworks",
				);
				MARKETING_VERSION = 1.0;
				PRODUCT_BUNDLE_IDENTIFIER = com.garcia.julian.bazTest;
				PRODUCT_NAME = "$(TARGET_NAME)";
				SUPPORTED_PLATFORMS = "iphoneos iphonesimulator";
				SUPPORTS_MACCATALYST = NO;
				SUPPORTS_MAC_DESIGNED_FOR_IPHONE_IPAD = NO;
				SWIFT_EMIT_LOC_STRINGS = YES;
				SWIFT_VERSION = 4.2;
				TARGETED_DEVICE_FAMILY = 1;
			};
			name = Debug;
		};
		59683BB52A3B98D60029771B /* Release */ = {
			isa = XCBuildConfiguration;
			buildSettings = {
				ASSETCATALOG_COMPILER_APPICON_NAME = AppIcon;
				ASSETCATALOG_COMPILER_GLOBAL_ACCENT_COLOR_NAME = AccentColor;
				CODE_SIGN_STYLE = Automatic;
				CURRENT_PROJECT_VERSION = 1;
				DEVELOPMENT_TEAM = XF3NTJ7MA3;
				GENERATE_INFOPLIST_FILE = YES;
				INFOPLIST_FILE = bazTest/Info.plist;
				INFOPLIST_KEY_UIApplicationSupportsIndirectInputEvents = YES;
				INFOPLIST_KEY_UILaunchStoryboardName = LaunchScreen;
				INFOPLIST_KEY_UISupportedInterfaceOrientations = UIInterfaceOrientationPortrait;
				INFOPLIST_KEY_UISupportedInterfaceOrientations_iPad = "UIInterfaceOrientationLandscapeLeft UIInterfaceOrientationLandscapeRight UIInterfaceOrientationPortrait UIInterfaceOrientationPortraitUpsideDown";
				IPHONEOS_DEPLOYMENT_TARGET = 11.4;
				LD_RUNPATH_SEARCH_PATHS = (
					"$(inherited)",
					"@executable_path/Frameworks",
				);
				MARKETING_VERSION = 1.0;
				PRODUCT_BUNDLE_IDENTIFIER = com.garcia.julian.bazTest;
				PRODUCT_NAME = "$(TARGET_NAME)";
				SUPPORTED_PLATFORMS = "iphoneos iphonesimulator";
				SUPPORTS_MACCATALYST = NO;
				SUPPORTS_MAC_DESIGNED_FOR_IPHONE_IPAD = NO;
				SWIFT_EMIT_LOC_STRINGS = YES;
				SWIFT_VERSION = 4.2;
				TARGETED_DEVICE_FAMILY = 1;
			};
			name = Release;
		};
/* End XCBuildConfiguration section */

/* Begin XCConfigurationList section */
		59683B9A2A3B98D30029771B /* Build configuration list for PBXProject "bazTest" */ = {
			isa = XCConfigurationList;
			buildConfigurations = (
				59683BB12A3B98D60029771B /* Debug */,
				59683BB22A3B98D60029771B /* Release */,
			);
			defaultConfigurationIsVisible = 0;
			defaultConfigurationName = Release;
		};
		59683BB32A3B98D60029771B /* Build configuration list for PBXNativeTarget "bazTest" */ = {
			isa = XCConfigurationList;
			buildConfigurations = (
				59683BB42A3B98D60029771B /* Debug */,
				59683BB52A3B98D60029771B /* Release */,
			);
			defaultConfigurationIsVisible = 0;
			defaultConfigurationName = Release;
		};
/* End XCConfigurationList section */

/* Begin XCVersionGroup section */
		59BE10582A3E9C2D003FDB26 /* Database.xcdatamodeld */ = {
			isa = XCVersionGroup;
			children = (
				59BE10592A3E9C2D003FDB26 /* Database.xcdatamodel */,
			);
			currentVersion = 59BE10592A3E9C2D003FDB26 /* Database.xcdatamodel */;
			path = Database.xcdatamodeld;
			sourceTree = "<group>";
			versionGroupType = wrapper.xcdatamodel;
		};
/* End XCVersionGroup section */
	};
	rootObject = 59683B972A3B98D30029771B /* Project object */;
}
